
Microsoft Visual Studio Solution File, Format Version 12.00
# Visual Studio 15
VisualStudioVersion = 15.0.26730.16
MinimumVisualStudioVersion = 10.0.40219.1
Project("{8BC9CEB8-8B4A-11D0-8D11-00A0C91BC942}") = "Projeto2", "Projeto2\Projeto2.vcxproj", "{4B0AC782-032E-4610-A846-48FE99D8B7D3}"
EndProject
Global
	GlobalSection(SolutionConfigurationPlatforms) = preSolution
		Debug|x64 = Debug|x64
		Debug|x86 = Debug|x86
		Release|x64 = Release|x64
		Release|x86 = Release|x86
	EndGlobalSection
	GlobalSection(ProjectConfigurationPlatforms) = postSolution
		{4B0AC782-032E-4610-A846-48FE99D8B7D3}.Debug|x64.ActiveCfg = Debug|x64
		{4B0AC782-032E-4610-A846-48FE99D8B7D3}.Debug|x64.Build.0 = Debug|x64
		{4B0AC782-032E-4610-A846-48FE99D8B7D3}.Debug|x86.ActiveCfg = Debug|Win32
		{4B0AC782-032E-4610-A846-48FE99D8B7D3}.Debug|x86.Build.0 = Debug|Win32
		{4B0AC782-032E-4610-A846-48FE99D8B7D3}.Release|x64.ActiveCfg = Release|x64
		{4B0AC782-032E-4610-A846-48FE99D8B7D3}.Release|x64.Build.0 = Release|x64
		{4B0AC782-032E-4610-A846-48FE99D8B7D3}.Release|x86.ActiveCfg = Release|Win32
		{4B0AC782-032E-4610-A846-48FE99D8B7D3}.Release|x86.Build.0 = Release|Win32
	EndGlobalSection
	GlobalSection(SolutionProperties) = preSolution
		HideSolutionNode = FALSE
	EndGlobalSection
	GlobalSection(ExtensibilityGlobals) = postSolution
		SolutionGuid = {14ABC0BB-426C-4184-9DB2-6ED1ADCAE075}
	EndGlobalSection
EndGlobal
